{
  "name": "canvans",
  "version": "1.0.0",
  "lockfileVersion": 2,
  "requires": true,
  "packages": {
    "": {
      "name": "canvans",
      "version": "1.0.0",
      "license": "ISC",
      "dependencies": {
        "konva": "^8.3.1"
      }
    },
    "node_modules/konva": {
      "version": "8.3.1",
      "resolved": "https://registry.npmjs.org/konva/-/konva-8.3.1.tgz",
      "integrity": "sha512-9YVM/nKWKTdGppPkhVY+E1FI+brrSmPygPO1qUSH2Dd7q0bgCX8V9DLqOp15myY7Wxmy5JDx9dWdd0fQZpikZw==",
      "funding": [
        {
          "type": "patreon",
          "url": "https://www.patreon.com/lavrton"
        },
        {
          "type": "opencollective",
          "url": "https://opencollective.com/konva"
        },
        {
          "type": "github",
          "url": "https://github.com/sponsors/lavrton"
        }
      ]
    }
  },
  "dependencies": {
    "konva": {
      "version": "8.3.1",
      "resolved": "https://registry.npmjs.org/konva/-/konva-8.3.1.tgz",
      "integrity": "sha512-9YVM/nKWKTdGppPkhVY+E1FI+brrSmPygPO1qUSH2Dd7q0bgCX8V9DLqOp15myY7Wxmy5JDx9dWdd0fQZpikZw=="
    }
  }
}
